<Solution>
  <Configurations>
    <BuildType Name="Checked Release" />
    <BuildType Name="Debug" />
    <BuildType Name="Release" />
    <Platform Name="x64" />
    <Platform Name="x86" />
  </Configurations>
  <Project Path="u5win.vcxproj" Id="973885ad-d092-4f71-87d6-ddf018e3a8d4" />
</Solution>
