<?xml version="1.0" encoding="utf-8"?>
<Project ToolsVersion="4.0" xmlns="http://schemas.microsoft.com/developer/msbuild/2003">
  <ItemGroup>
    <None Include="vcpkg.json" />
    <None Include="vcpkg-configuration.json" />
    <None Include="..\src\build.bat">
      <Filter>src</Filter>
    </None>
    <None Include="..\src\u5.rsp">
      <Filter>src</Filter>
    </None>
  </ItemGroup>
  <ItemGroup>
    <Filter Include="src">
      <UniqueIdentifier>{9305952b-a408-43a9-b1c8-f2d806a9fe6a}</UniqueIdentifier>
    </Filter>
    <Filter Include="drv">
      <UniqueIdentifier>{00bdf8ed-ad37-4487-9d9d-880e400dcd8b}</UniqueIdentifier>
    </Filter>
  </ItemGroup>
  <ItemGroup>
    <ClCompile Include="..\src\0000.c">
      <Filter>src</Filter>
    </ClCompile>
    <ClCompile Include="..\src\1000.c">
      <Filter>src</Filter>
    </ClCompile>
    <ClCompile Include="..\src\2000.c">
      <Filter>src</Filter>
    </ClCompile>
    <ClCompile Include="..\src\3000.c">
      <Filter>src</Filter>
    </ClCompile>
    <ClCompile Include="..\src\4000.c">
      <Filter>src</Filter>
    </ClCompile>
    <ClCompile Include="..\src\5000.c">
      <Filter>src</Filter>
    </ClCompile>
    <ClCompile Include="..\src\6000.c">
      <Filter>src</Filter>
    </ClCompile>
    <ClCompile Include="..\src\7000.c">
      <Filter>src</Filter>
    </ClCompile>
    <ClCompile Include="..\src\blckthrn.c">
      <Filter>src</Filter>
    </ClCompile>
    <ClCompile Include="..\src\cast.c">
      <Filter>src</Filter>
    </ClCompile>
    <ClCompile Include="..\src\cast2.c">
      <Filter>src</Filter>
    </ClCompile>
    <ClCompile Include="..\src\cmds.c">
      <Filter>src</Filter>
    </ClCompile>
    <ClCompile Include="..\src\combat.c">
      <Filter>src</Filter>
    </ClCompile>
    <ClCompile Include="..\src\comsubs.c">
      <Filter>src</Filter>
    </ClCompile>
    <ClCompile Include="..\src\debug.c">
      <Filter>src</Filter>
    </ClCompile>
    <ClCompile Include="..\src\dnglook.c">
      <Filter>src</Filter>
    </ClCompile>
    <ClCompile Include="..\src\dungeon.c">
      <Filter>src</Filter>
    </ClCompile>
    <ClCompile Include="..\src\endgame.c">
      <Filter>src</Filter>
    </ClCompile>
    <ClCompile Include="..\src\file.c">
      <Filter>src</Filter>
    </ClCompile>
    <ClCompile Include="..\src\flames.c">
      <Filter>src</Filter>
    </ClCompile>
    <ClCompile Include="..\src\font.c">
      <Filter>src</Filter>
    </ClCompile>
    <ClCompile Include="..\src\intro.c">
      <Filter>src</Filter>
    </ClCompile>
    <ClCompile Include="..\src\lookobj.c">
      <Filter>src</Filter>
    </ClCompile>
    <ClCompile Include="..\src\lzw.c">
      <Filter>src</Filter>
    </ClCompile>
    <ClCompile Include="..\src\mainout.c">
      <Filter>src</Filter>
    </ClCompile>
    <ClCompile Include="..\src\npc.c">
      <Filter>src</Filter>
    </ClCompile>
    <ClCompile Include="..\src\outsubs.c">
      <Filter>src</Filter>
    </ClCompile>
    <ClCompile Include="..\src\shoppes.c">
      <Filter>src</Filter>
    </ClCompile>
    <ClCompile Include="..\src\shoppes2.c">
      <Filter>src</Filter>
    </ClCompile>
    <ClCompile Include="..\src\shoppes3.c">
      <Filter>src</Filter>
    </ClCompile>
    <ClCompile Include="..\src\sjog.c">
      <Filter>src</Filter>
    </ClCompile>
    <ClCompile Include="..\src\talk.c">
      <Filter>src</Filter>
    </ClCompile>
    <ClCompile Include="..\src\town.c">
      <Filter>src</Filter>
    </ClCompile>
    <ClCompile Include="..\src\ultima.c">
      <Filter>src</Filter>
    </ClCompile>
    <ClCompile Include="..\src\vars.c">
      <Filter>src</Filter>
    </ClCompile>
    <ClCompile Include="..\src\zstats.c">
      <Filter>src</Filter>
    </ClCompile>
    <ClCompile Include="..\src\aud_drv.c">
      <Filter>drv</Filter>
    </ClCompile>
    <ClCompile Include="..\src\aud_mus.c">
      <Filter>drv</Filter>
    </ClCompile>
    <ClCompile Include="..\src\aud_sfx.c">
      <Filter>drv</Filter>
    </ClCompile>
    <ClCompile Include="..\src\grap.c">
      <Filter>drv</Filter>
    </ClCompile>
    <ClCompile Include="..\src\grap_buf.c">
      <Filter>drv</Filter>
    </ClCompile>
    <ClCompile Include="..\src\grap_drv.c">
      <Filter>drv</Filter>
    </ClCompile>
    <ClCompile Include="..\src\grap_fmt.c">
      <Filter>drv</Filter>
    </ClCompile>
    <ClCompile Include="..\src\grap_sdl.c">
      <Filter>drv</Filter>
    </ClCompile>
    <ClCompile Include="..\src\grap_vga.c">
      <Filter>drv</Filter>
    </ClCompile>
    <ClCompile Include="..\src\time_sdl.c">
      <Filter>drv</Filter>
    </ClCompile>
    <ClCompile Include="..\src\time_dos.c">
      <Filter>drv</Filter>
    </ClCompile>
    <ClCompile Include="..\src\pctimer.c">
      <Filter>drv</Filter>
    </ClCompile>
    <ClCompile Include="..\src\key_dos.c">
      <Filter>drv</Filter>
    </ClCompile>
    <ClCompile Include="..\src\key_sdl.c">
      <Filter>drv</Filter>
    </ClCompile>
  </ItemGroup>
  <ItemGroup>
    <ClInclude Include="..\src\common.h">
      <Filter>src</Filter>
    </ClInclude>
    <ClInclude Include="..\src\file.h">
      <Filter>src</Filter>
    </ClInclude>
    <ClInclude Include="..\src\funcs.h">
      <Filter>src</Filter>
    </ClInclude>
    <ClInclude Include="..\src\outsubs.h">
      <Filter>src</Filter>
    </ClInclude>
    <ClInclude Include="..\src\platform.h">
      <Filter>src</Filter>
    </ClInclude>
    <ClInclude Include="..\src\structs.h">
      <Filter>src</Filter>
    </ClInclude>
    <ClInclude Include="..\src\u5.h">
      <Filter>src</Filter>
    </ClInclude>
    <ClInclude Include="..\src\vars.h">
      <Filter>src</Filter>
    </ClInclude>
    <ClInclude Include="..\src\aud_drv.h">
      <Filter>drv</Filter>
    </ClInclude>
    <ClInclude Include="..\src\aud_mus.h">
      <Filter>drv</Filter>
    </ClInclude>
    <ClInclude Include="..\src\aud_sfx.h">
      <Filter>drv</Filter>
    </ClInclude>
    <ClInclude Include="..\src\grap.h">
      <Filter>drv</Filter>
    </ClInclude>
    <ClInclude Include="..\src\grap_buf.h">
      <Filter>drv</Filter>
    </ClInclude>
    <ClInclude Include="..\src\grap_drv.h">
      <Filter>drv</Filter>
    </ClInclude>
    <ClInclude Include="..\src\grap_ops.h">
      <Filter>drv</Filter>
    </ClInclude>
    <ClInclude Include="..\src\pctimer.h">
      <Filter>drv</Filter>
    </ClInclude>
    <ClInclude Include="..\src\dbg_font_data.h">
      <Filter>drv</Filter>
    </ClInclude>
  </ItemGroup>
</Project>