<?xml version="1.0" encoding="utf-8"?>
<Project ToolsVersion="4.0" xmlns="http://schemas.microsoft.com/developer/msbuild/2003">
  <ItemGroup>
    <ClCompile Include="..\SRC\DUNGEON.C" />
    <ClCompile Include="..\SRC\GRAP.C" />
    <ClCompile Include="..\SRC\INTRO.C" />
    <ClCompile Include="..\SRC\MAINOUT.C" />
    <ClCompile Include="..\SRC\TOWN.C" />
    <ClCompile Include="..\SRC\ULTIMA.C" />
    <ClCompile Include="..\SRC\VARS.C" />
    <ClCompile Include="..\SRC\ZSTATS.C" />
    <ClCompile Include="..\SRC\FILE.C" />
    <ClCompile Include="..\SRC\OUTSUBS.C" />
    <ClCompile Include="..\SRC\GRAP_WIN.C" />
    <ClCompile Include="..\SRC\KEY_WIN.C" />
    <ClCompile Include="..\SRC\6000.C" />
    <ClCompile Include="..\SRC\0000.C" />
    <ClCompile Include="..\SRC\4000.C" />
    <ClCompile Include="..\SRC\DNGLOOK.C" />
    <ClCompile Include="..\SRC\3000.C" />
    <ClCompile Include="..\SRC\2000.C" />
    <ClCompile Include="..\SRC\1000.C" />
    <ClCompile Include="..\SRC\5000.C" />
    <ClCompile Include="..\SRC\7000.C" />
    <ClCompile Include="..\SRC\GRAP_DRV.C" />
    <ClCompile Include="..\SRC\SJOG.C" />
    <ClCompile Include="..\SRC\NPC.C" />
    <ClCompile Include="..\SRC\TALK.C" />
    <ClCompile Include="..\SRC\BLCKTHRN.C" />
    <ClCompile Include="..\SRC\COMBAT.C" />
    <ClCompile Include="..\SRC\COMSUBS.C" />
    <ClCompile Include="..\SRC\LOOKOBJ.C" />
    <ClCompile Include="..\SRC\CAST2.C" />
    <ClCompile Include="..\SRC\CMDS.C" />
    <ClCompile Include="..\SRC\SHOPPES.C" />
    <ClCompile Include="..\SRC\SHOPPES2.C" />
    <ClCompile Include="..\SRC\SHOPPES3.C" />
    <ClCompile Include="..\SRC\CAST.C" />
    <ClCompile Include="..\SRC\ENDGAME.C" />
    <ClCompile Include="..\SRC\FONT.C" />
    <ClCompile Include="..\SRC\LZW.C" />
    <ClCompile Include="..\SRC\FLAMES.C" />
  </ItemGroup>
  <ItemGroup>
    <ClInclude Include="..\SRC\COMMON.H" />
    <ClInclude Include="..\SRC\FUNCS.H" />
    <ClInclude Include="..\SRC\U5.H" />
    <ClInclude Include="..\SRC\VARS.H" />
    <ClInclude Include="..\SRC\FILE.H" />
    <ClInclude Include="..\SRC\OUTSUBS.H" />
    <ClInclude Include="..\SRC\GRAP.H" />
    <ClInclude Include="..\SRC\STRUCTS.H" />
    <ClInclude Include="..\SRC\FONT_DATA_WIN.H" />
    <ClInclude Include="..\SRC\GRAP_DRV.H" />
    <ClInclude Include="..\SRC\PLATFORM.H" />
  </ItemGroup>
  <ItemGroup>
    <None Include="..\SRC\U5.RSP" />
    <None Include="..\SRC\BUILD.BAT" />
  </ItemGroup>
  <ItemGroup>
    <Text Include="..\SRC\LOG.TXT" />
  </ItemGroup>
</Project>